// !$*UTF8*$!
{
	archiveVersion = 1;
	classes = {
	};
	objectVersion = 56;
	objects = {

/* Begin PBXBuildFile section */
		AA7EC3A02B1D1E5700CDFBD0 /* PhotoGalleryApp.swift in Sources */ = {isa = PBXBuildFile; fileRef = AA7EC39F2B1D1E5700CDFBD0 /* PhotoGalleryApp.swift */; };
		AA7EC3A42B1D1E5B00CDFBD0 /* Assets.xcassets in Resources */ = {isa = PBXBuildFile; fileRef = AA7EC3A32B1D1E5B00CDFBD0 /* Assets.xcassets */; };
		AA7EC3A72B1D1E5B00CDFBD0 /* Preview Assets.xcassets in Resources */ = {isa = PBXBuildFile; fileRef = AA7EC3A62B1D1E5B00CDFBD0 /* Preview Assets.xcassets */; };
		AA7EC3AE2B1D1E6500CDFBD0 /* Models.swift in Sources */ = {isa = PBXBuildFile; fileRef = AA7EC3AD2B1D1E6500CDFBD0 /* Models.swift */; };
		AA7EC3BA2B1D56B200CDFBD0 /* DataModel.swift in Sources */ = {isa = PBXBuildFile; fileRef = AA7EC3B92B1D56B200CDFBD0 /* DataModel.swift */; };
		AA7EC3BC2B1D570700CDFBD0 /* FolderGridView.swift in Sources */ = {isa = PBXBuildFile; fileRef = AA7EC3BB2B1D570700CDFBD0 /* FolderGridView.swift */; };
		AA7EC3BE2B1D57F000CDFBD0 /* FolderGridItemView.swift in Sources */ = {isa = PBXBuildFile; fileRef = AA7EC3BD2B1D57F000CDFBD0 /* FolderGridItemView.swift */; };
		AA7EC3C02B1D591200CDFBD0 /* ColumnStepper.swift in Sources */ = {isa = PBXBuildFile; fileRef = AA7EC3BF2B1D591200CDFBD0 /* ColumnStepper.swift */; };
		AA7EC3C22B1D592E00CDFBD0 /* DetailView.swift in Sources */ = {isa = PBXBuildFile; fileRef = AA7EC3C12B1D592E00CDFBD0 /* DetailView.swift */; };
		AA7EC3C42B1D59C500CDFBD0 /* PhotoPicker.swift in Sources */ = {isa = PBXBuildFile; fileRef = AA7EC3C32B1D59C500CDFBD0 /* PhotoPicker.swift */; };
		AA7EC3C62B1D6B6400CDFBD0 /* FileManagerExtensions.swift in Sources */ = {isa = PBXBuildFile; fileRef = AA7EC3C52B1D6B6400CDFBD0 /* FileManagerExtensions.swift */; };
		AAA927A22B1DA3EA00B63CA3 /* HomeGridView.swift in Sources */ = {isa = PBXBuildFile; fileRef = AAA927A12B1DA3EA00B63CA3 /* HomeGridView.swift */; };
		AAA927A42B1DAAD000B63CA3 /* HomeGridItemView.swift in Sources */ = {isa = PBXBuildFile; fileRef = AAA927A32B1DAAD000B63CA3 /* HomeGridItemView.swift */; };
/* End PBXBuildFile section */

/* Begin PBXFileReference section */
		AA7EC39C2B1D1E5700CDFBD0 /* PhotoGallery.app */ = {isa = PBXFileReference; explicitFileType = wrapper.application; includeInIndex = 0; path = PhotoGallery.app; sourceTree = BUILT_PRODUCTS_DIR; };
		AA7EC39F2B1D1E5700CDFBD0 /* PhotoGalleryApp.swift */ = {isa = PBXFileReference; lastKnownFileType = sourcecode.swift; path = PhotoGalleryApp.swift; sourceTree = "<group>"; };
		AA7EC3A32B1D1E5B00CDFBD0 /* Assets.xcassets */ = {isa = PBXFileReference; lastKnownFileType = folder.assetcatalog; path = Assets.xcassets; sourceTree = "<group>"; };
		AA7EC3A62B1D1E5B00CDFBD0 /* Preview Assets.xcassets */ = {isa = PBXFileReference; lastKnownFileType = folder.assetcatalog; path = "Preview Assets.xcassets"; sourceTree = "<group>"; };
		AA7EC3AD2B1D1E6500CDFBD0 /* Models.swift */ = {isa = PBXFileReference; lastKnownFileType = sourcecode.swift; path = Models.swift; sourceTree = "<group>"; };
		AA7EC3B92B1D56B200CDFBD0 /* DataModel.swift */ = {isa = PBXFileReference; lastKnownFileType = sourcecode.swift; path = DataModel.swift; sourceTree = "<group>"; };
		AA7EC3BB2B1D570700CDFBD0 /* FolderGridView.swift */ = {isa = PBXFileReference; lastKnownFileType = sourcecode.swift; path = FolderGridView.swift; sourceTree = "<group>"; };
		AA7EC3BD2B1D57F000CDFBD0 /* FolderGridItemView.swift */ = {isa = PBXFileReference; lastKnownFileType = sourcecode.swift; path = FolderGridItemView.swift; sourceTree = "<group>"; };
		AA7EC3BF2B1D591200CDFBD0 /* ColumnStepper.swift */ = {isa = PBXFileReference; lastKnownFileType = sourcecode.swift; path = ColumnStepper.swift; sourceTree = "<group>"; };
		AA7EC3C12B1D592E00CDFBD0 /* DetailView.swift */ = {isa = PBXFileReference; lastKnownFileType = sourcecode.swift; path = DetailView.swift; sourceTree = "<group>"; };
		AA7EC3C32B1D59C500CDFBD0 /* PhotoPicker.swift */ = {isa = PBXFileReference; lastKnownFileType = sourcecode.swift; path = PhotoPicker.swift; sourceTree = "<group>"; };
		AA7EC3C52B1D6B6400CDFBD0 /* FileManagerExtensions.swift */ = {isa = PBXFileReference; lastKnownFileType = sourcecode.swift; path = FileManagerExtensions.swift; sourceTree = "<group>"; };
		AAA927A12B1DA3EA00B63CA3 /* HomeGridView.swift */ = {isa = PBXFileReference; lastKnownFileType = sourcecode.swift; path = HomeGridView.swift; sourceTree = "<group>"; };
		AAA927A32B1DAAD000B63CA3 /* HomeGridItemView.swift */ = {isa = PBXFileReference; lastKnownFileType = sourcecode.swift; path = HomeGridItemView.swift; sourceTree = "<group>"; };
/* End PBXFileReference section */

/* Begin PBXFrameworksBuildPhase section */
		AA7EC3992B1D1E5700CDFBD0 /* Frameworks */ = {
			isa = PBXFrameworksBuildPhase;
			buildActionMask = 2147483647;
			files = (
			);
			runOnlyForDeploymentPostprocessing = 0;
		};
/* End PBXFrameworksBuildPhase section */

/* Begin PBXGroup section */
		AA7EC3932B1D1E5600CDFBD0 = {
			isa = PBXGroup;
			children = (
				AA7EC39E2B1D1E5700CDFBD0 /* PhotoGallery */,
				AA7EC39D2B1D1E5700CDFBD0 /* Products */,
			);
			sourceTree = "<group>";
		};
		AA7EC39D2B1D1E5700CDFBD0 /* Products */ = {
			isa = PBXGroup;
			children = (
				AA7EC39C2B1D1E5700CDFBD0 /* PhotoGallery.app */,
			);
			name = Products;
			sourceTree = "<group>";
		};
		AA7EC39E2B1D1E5700CDFBD0 /* PhotoGallery */ = {
			isa = PBXGroup;
			children = (
				AA7EC3BB2B1D570700CDFBD0 /* FolderGridView.swift */,
				AA7EC39F2B1D1E5700CDFBD0 /* PhotoGalleryApp.swift */,
				AA7EC3A32B1D1E5B00CDFBD0 /* Assets.xcassets */,
				AA7EC3A52B1D1E5B00CDFBD0 /* Preview Content */,
				AA7EC3AD2B1D1E6500CDFBD0 /* Models.swift */,
				AA7EC3B92B1D56B200CDFBD0 /* DataModel.swift */,
				AA7EC3BD2B1D57F000CDFBD0 /* FolderGridItemView.swift */,
				AA7EC3BF2B1D591200CDFBD0 /* ColumnStepper.swift */,
				AA7EC3C12B1D592E00CDFBD0 /* DetailView.swift */,
				AA7EC3C32B1D59C500CDFBD0 /* PhotoPicker.swift */,
				AA7EC3C52B1D6B6400CDFBD0 /* FileManagerExtensions.swift */,
				AAA927A12B1DA3EA00B63CA3 /* HomeGridView.swift */,
				AAA927A32B1DAAD000B63CA3 /* HomeGridItemView.swift */,
			);
			path = PhotoGallery;
			sourceTree = "<group>";
		};
		AA7EC3A52B1D1E5B00CDFBD0 /* Preview Content */ = {
			isa = PBXGroup;
			children = (
				AA7EC3A62B1D1E5B00CDFBD0 /* Preview Assets.xcassets */,
			);
			path = "Preview Content";
			sourceTree = "<group>";
		};
/* End PBXGroup section */

/* Begin PBXNativeTarget section */
		AA7EC39B2B1D1E5700CDFBD0 /* PhotoGallery */ = {
			isa = PBXNativeTarget;
			buildConfigurationList = AA7EC3AA2B1D1E5B00CDFBD0 /* Build configuration list for PBXNativeTarget "PhotoGallery" */;
			buildPhases = (
				AA7EC3982B1D1E5700CDFBD0 /* Sources */,
				AA7EC3992B1D1E5700CDFBD0 /* Frameworks */,
				AA7EC39A2B1D1E5700CDFBD0 /* Resources */,
			);
			buildRules = (
			);
			dependencies = (
			);
			name = PhotoGallery;
			productName = PhotoGallery;
			productReference = AA7EC39C2B1D1E5700CDFBD0 /* PhotoGallery.app */;
			productType = "com.apple.product-type.application";
		};
/* End PBXNativeTarget section */

/* Begin PBXProject section */
		AA7EC3942B1D1E5600CDFBD0 /* Project object */ = {
			isa = PBXProject;
			attributes = {
				BuildIndependentTargetsInParallel = 1;
				LastSwiftUpdateCheck = 1500;
				LastUpgradeCheck = 1500;
				TargetAttributes = {
					AA7EC39B2B1D1E5700CDFBD0 = {
						CreatedOnToolsVersion = 15.0.1;
					};
				};
			};
			buildConfigurationList = AA7EC3972B1D1E5600CDFBD0 /* Build configuration list for PBXProject "PhotoGallery" */;
			compatibilityVersion = "Xcode 14.0";
			developmentRegion = en;
			hasScannedForEncodings = 0;
			knownRegions = (
				en,
				Base,
			);
			mainGroup = AA7EC3932B1D1E5600CDFBD0;
			productRefGroup = AA7EC39D2B1D1E5700CDFBD0 /* Products */;
			projectDirPath = "";
			projectRoot = "";
			targets = (
				AA7EC39B2B1D1E5700CDFBD0 /* PhotoGallery */,
			);
		};
/* End PBXProject section */

/* Begin PBXResourcesBuildPhase section */
		AA7EC39A2B1D1E5700CDFBD0 /* Resources */ = {
			isa = PBXResourcesBuildPhase;
			buildActionMask = 2147483647;
			files = (
				AA7EC3A72B1D1E5B00CDFBD0 /* Preview Assets.xcassets in Resources */,
				AA7EC3A42B1D1E5B00CDFBD0 /* Assets.xcassets in Resources */,
			);
			runOnlyForDeploymentPostprocessing = 0;
		};
/* End PBXResourcesBuildPhase section */

/* Begin PBXSourcesBuildPhase section */
		AA7EC3982B1D1E5700CDFBD0 /* Sources */ = {
			isa = PBXSourcesBuildPhase;
			buildActionMask = 2147483647;
			files = (
				AA7EC3C22B1D592E00CDFBD0 /* DetailView.swift in Sources */,
				AAA927A22B1DA3EA00B63CA3 /* HomeGridView.swift in Sources */,
				AA7EC3AE2B1D1E6500CDFBD0 /* Models.swift in Sources */,
				AA7EC3C62B1D6B6400CDFBD0 /* FileManagerExtensions.swift in Sources */,
				AA7EC3BC2B1D570700CDFBD0 /* FolderGridView.swift in Sources */,
				AA7EC3C02B1D591200CDFBD0 /* ColumnStepper.swift in Sources */,
				AA7EC3C42B1D59C500CDFBD0 /* PhotoPicker.swift in Sources */,
				AA7EC3BA2B1D56B200CDFBD0 /* DataModel.swift in Sources */,
				AA7EC3BE2B1D57F000CDFBD0 /* FolderGridItemView.swift in Sources */,
				AAA927A42B1DAAD000B63CA3 /* HomeGridItemView.swift in Sources */,
				AA7EC3A02B1D1E5700CDFBD0 /* PhotoGalleryApp.swift in Sources */,
			);
			runOnlyForDeploymentPostprocessing = 0;
		};
/* End PBXSourcesBuildPhase section */

/* Begin XCBuildConfiguration section */
		AA7EC3A82B1D1E5B00CDFBD0 /* Debug */ = {
			isa = XCBuildConfiguration;
			buildSettings = {
				ALWAYS_SEARCH_USER_PATHS = NO;
				ASSETCATALOG_COMPILER_GENERATE_SWIFT_ASSET_SYMBOL_EXTENSIONS = YES;
				CLANG_ANALYZER_NONNULL = YES;
				CLANG_ANALYZER_NUMBER_OBJECT_CONVERSION = YES_AGGRESSIVE;
				CLANG_CXX_LANGUAGE_STANDARD = "gnu++20";
				CLANG_ENABLE_MODULES = YES;
				CLANG_ENABLE_OBJC_ARC = YES;
				CLANG_ENABLE_OBJC_WEAK = YES;
				CLANG_WARN_BLOCK_CAPTURE_AUTORELEASING = YES;
				CLANG_WARN_BOOL_CONVERSION = YES;
				CLANG_WARN_COMMA = YES;
				CLANG_WARN_CONSTANT_CONVERSION = YES;
				CLANG_WARN_DEPRECATED_OBJC_IMPLEMENTATIONS = YES;
				CLANG_WARN_DIRECT_OBJC_ISA_USAGE = YES_ERROR;
				CLANG_WARN_DOCUMENTATION_COMMENTS = YES;
				CLANG_WARN_EMPTY_BODY = YES;
				CLANG_WARN_ENUM_CONVERSION = YES;
				CLANG_WARN_INFINITE_RECURSION = YES;
				CLANG_WARN_INT_CONVERSION = YES;
				CLANG_WARN_NON_LITERAL_NULL_CONVERSION = YES;
				CLANG_WARN_OBJC_IMPLICIT_RETAIN_SELF = YES;
				CLANG_WARN_OBJC_LITERAL_CONVERSION = YES;
				CLANG_WARN_OBJC_ROOT_CLASS = YES_ERROR;
				CLANG_WARN_QUOTED_INCLUDE_IN_FRAMEWORK_HEADER = YES;
				CLANG_WARN_RANGE_LOOP_ANALYSIS = YES;
				CLANG_WARN_STRICT_PROTOTYPES = YES;
				CLANG_WARN_SUSPICIOUS_MOVE = YES;
				CLANG_WARN_UNGUARDED_AVAILABILITY = YES_AGGRESSIVE;
				CLANG_WARN_UNREACHABLE_CODE = YES;
				CLANG_WARN__DUPLICATE_METHOD_MATCH = YES;
				COPY_PHASE_STRIP = NO;
				DEBUG_INFORMATION_FORMAT = dwarf;
				ENABLE_STRICT_OBJC_MSGSEND = YES;
				ENABLE_TESTABILITY = YES;
				ENABLE_USER_SCRIPT_SANDBOXING = YES;
				GCC_C_LANGUAGE_STANDARD = gnu17;
				GCC_DYNAMIC_NO_PIC = NO;
				GCC_NO_COMMON_BLOCKS = YES;
				GCC_OPTIMIZATION_LEVEL = 0;
				GCC_PREPROCESSOR_DEFINITIONS = (
					"DEBUG=1",
					"$(inherited)",
				);
				GCC_WARN_64_TO_32_BIT_CONVERSION = YES;
				GCC_WARN_ABOUT_RETURN_TYPE = YES_ERROR;
				GCC_WARN_UNDECLARED_SELECTOR = YES;
				GCC_WARN_UNINITIALIZED_AUTOS = YES_AGGRESSIVE;
				GCC_WARN_UNUSED_FUNCTION = YES;
				GCC_WARN_UNUSED_VARIABLE = YES;
				IPHONEOS_DEPLOYMENT_TARGET = 17.0;
				LOCALIZATION_PREFERS_STRING_CATALOGS = YES;
				MTL_ENABLE_DEBUG_INFO = INCLUDE_SOURCE;
				MTL_FAST_MATH = YES;
				ONLY_ACTIVE_ARCH = YES;
				SDKROOT = iphoneos;
				SWIFT_ACTIVE_COMPILATION_CONDITIONS = "DEBUG $(inherited)";
				SWIFT_OPTIMIZATION_LEVEL = "-Onone";
			};
			name = Debug;
		};
		AA7EC3A92B1D1E5B00CDFBD0 /* Release */ = {
			isa = XCBuildConfiguration;
			buildSettings = {
				ALWAYS_SEARCH_USER_PATHS = NO;
				ASSETCATALOG_COMPILER_GENERATE_SWIFT_ASSET_SYMBOL_EXTENSIONS = YES;
				CLANG_ANALYZER_NONNULL = YES;
				CLANG_ANALYZER_NUMBER_OBJECT_CONVERSION = YES_AGGRESSIVE;
				CLANG_CXX_LANGUAGE_STANDARD = "gnu++20";
				CLANG_ENABLE_MODULES = YES;
				CLANG_ENABLE_OBJC_ARC = YES;
				CLANG_ENABLE_OBJC_WEAK = YES;
				CLANG_WARN_BLOCK_CAPTURE_AUTORELEASING = YES;
				CLANG_WARN_BOOL_CONVERSION = YES;
				CLANG_WARN_COMMA = YES;
				CLANG_WARN_CONSTANT_CONVERSION = YES;
				CLANG_WARN_DEPRECATED_OBJC_IMPLEMENTATIONS = YES;
				CLANG_WARN_DIRECT_OBJC_ISA_USAGE = YES_ERROR;
				CLANG_WARN_DOCUMENTATION_COMMENTS = YES;
				CLANG_WARN_EMPTY_BODY = YES;
				CLANG_WARN_ENUM_CONVERSION = YES;
				CLANG_WARN_INFINITE_RECURSION = YES;
				CLANG_WARN_INT_CONVERSION = YES;
				CLANG_WARN_NON_LITERAL_NULL_CONVERSION = YES;
				CLANG_WARN_OBJC_IMPLICIT_RETAIN_SELF = YES;
				CLANG_WARN_OBJC_LITERAL_CONVERSION = YES;
				CLANG_WARN_OBJC_ROOT_CLASS = YES_ERROR;
				CLANG_WARN_QUOTED_INCLUDE_IN_FRAMEWORK_HEADER = YES;
				CLANG_WARN_RANGE_LOOP_ANALYSIS = YES;
				CLANG_WARN_STRICT_PROTOTYPES = YES;
				CLANG_WARN_SUSPICIOUS_MOVE = YES;
				CLANG_WARN_UNGUARDED_AVAILABILITY = YES_AGGRESSIVE;
				CLANG_WARN_UNREACHABLE_CODE = YES;
				CLANG_WARN__DUPLICATE_METHOD_MATCH = YES;
				COPY_PHASE_STRIP = NO;
				DEBUG_INFORMATION_FORMAT = "dwarf-with-dsym";
				ENABLE_NS_ASSERTIONS = NO;
				ENABLE_STRICT_OBJC_MSGSEND = YES;
				ENABLE_USER_SCRIPT_SANDBOXING = YES;
				GCC_C_LANGUAGE_STANDARD = gnu17;
				GCC_NO_COMMON_BLOCKS = YES;
				GCC_WARN_64_TO_32_BIT_CONVERSION = YES;
				GCC_WARN_ABOUT_RETURN_TYPE = YES_ERROR;
				GCC_WARN_UNDECLARED_SELECTOR = YES;
				GCC_WARN_UNINITIALIZED_AUTOS = YES_AGGRESSIVE;
				GCC_WARN_UNUSED_FUNCTION = YES;
				GCC_WARN_UNUSED_VARIABLE = YES;
				IPHONEOS_DEPLOYMENT_TARGET = 17.0;
				LOCALIZATION_PREFERS_STRING_CATALOGS = YES;
				MTL_ENABLE_DEBUG_INFO = NO;
				MTL_FAST_MATH = YES;
				SDKROOT = iphoneos;
				SWIFT_COMPILATION_MODE = wholemodule;
				VALIDATE_PRODUCT = YES;
			};
			name = Release;
		};
		AA7EC3AB2B1D1E5B00CDFBD0 /* Debug */ = {
			isa = XCBuildConfiguration;
			buildSettings = {
				ASSETCATALOG_COMPILER_APPICON_NAME = AppIcon;
				ASSETCATALOG_COMPILER_GLOBAL_ACCENT_COLOR_NAME = AccentColor;
				CODE_SIGN_STYLE = Automatic;
				CURRENT_PROJECT_VERSION = 1;
				DEVELOPMENT_ASSET_PATHS = "\"PhotoGallery/Preview Content\"";
				DEVELOPMENT_TEAM = 63NK2344DF;
				ENABLE_PREVIEWS = YES;
				GENERATE_INFOPLIST_FILE = YES;
				INFOPLIST_KEY_UIApplicationSceneManifest_Generation = YES;
				INFOPLIST_KEY_UIApplicationSupportsIndirectInputEvents = YES;
				INFOPLIST_KEY_UILaunchScreen_Generation = YES;
				INFOPLIST_KEY_UISupportedInterfaceOrientations_iPad = "UIInterfaceOrientationPortrait UIInterfaceOrientationPortraitUpsideDown UIInterfaceOrientationLandscapeLeft UIInterfaceOrientationLandscapeRight";
				INFOPLIST_KEY_UISupportedInterfaceOrientations_iPhone = "UIInterfaceOrientationPortrait UIInterfaceOrientationLandscapeLeft UIInterfaceOrientationLandscapeRight";
				LD_RUNPATH_SEARCH_PATHS = (
					"$(inherited)",
					"@executable_path/Frameworks",
				);
				MARKETING_VERSION = 1.0;
				PRODUCT_BUNDLE_IDENTIFIER = oleg.bezrukavnikov.PhotoGallery;
				PRODUCT_NAME = "$(TARGET_NAME)";
				SWIFT_EMIT_LOC_STRINGS = YES;
				SWIFT_VERSION = 5.0;
				TARGETED_DEVICE_FAMILY = "1,2";
			};
			name = Debug;
		};
		AA7EC3AC2B1D1E5B00CDFBD0 /* Release */ = {
			isa = XCBuildConfiguration;
			buildSettings = {
				ASSETCATALOG_COMPILER_APPICON_NAME = AppIcon;
				ASSETCATALOG_COMPILER_GLOBAL_ACCENT_COLOR_NAME = AccentColor;
				CODE_SIGN_STYLE = Automatic;
				CURRENT_PROJECT_VERSION = 1;
				DEVELOPMENT_ASSET_PATHS = "\"PhotoGallery/Preview Content\"";
				DEVELOPMENT_TEAM = 63NK2344DF;
				ENABLE_PREVIEWS = YES;
				GENERATE_INFOPLIST_FILE = YES;
				INFOPLIST_KEY_UIApplicationSceneManifest_Generation = YES;
				INFOPLIST_KEY_UIApplicationSupportsIndirectInputEvents = YES;
				INFOPLIST_KEY_UILaunchScreen_Generation = YES;
				INFOPLIST_KEY_UISupportedInterfaceOrientations_iPad = "UIInterfaceOrientationPortrait UIInterfaceOrientationPortraitUpsideDown UIInterfaceOrientationLandscapeLeft UIInterfaceOrientationLandscapeRight";
				INFOPLIST_KEY_UISupportedInterfaceOrientations_iPhone = "UIInterfaceOrientationPortrait UIInterfaceOrientationLandscapeLeft UIInterfaceOrientationLandscapeRight";
				LD_RUNPATH_SEARCH_PATHS = (
					"$(inherited)",
					"@executable_path/Frameworks",
				);
				MARKETING_VERSION = 1.0;
				PRODUCT_BUNDLE_IDENTIFIER = oleg.bezrukavnikov.PhotoGallery;
				PRODUCT_NAME = "$(TARGET_NAME)";
				SWIFT_EMIT_LOC_STRINGS = YES;
				SWIFT_VERSION = 5.0;
				TARGETED_DEVICE_FAMILY = "1,2";
			};
			name = Release;
		};
/* End XCBuildConfiguration section */

/* Begin XCConfigurationList section */
		AA7EC3972B1D1E5600CDFBD0 /* Build configuration list for PBXProject "PhotoGallery" */ = {
			isa = XCConfigurationList;
			buildConfigurations = (
				AA7EC3A82B1D1E5B00CDFBD0 /* Debug */,
				AA7EC3A92B1D1E5B00CDFBD0 /* Release */,
			);
			defaultConfigurationIsVisible = 0;
			defaultConfigurationName = Release;
		};
		AA7EC3AA2B1D1E5B00CDFBD0 /* Build configuration list for PBXNativeTarget "PhotoGallery" */ = {
			isa = XCConfigurationList;
			buildConfigurations = (
				AA7EC3AB2B1D1E5B00CDFBD0 /* Debug */,
				AA7EC3AC2B1D1E5B00CDFBD0 /* Release */,
			);
			defaultConfigurationIsVisible = 0;
			defaultConfigurationName = Release;
		};
/* End XCConfigurationList section */
	};
	rootObject = AA7EC3942B1D1E5600CDFBD0 /* Project object */;
}
